{
  "pins" : [
    {
      "identity" : "scrollviewevents",
      "kind" : "remoteSourceControl",
      "location" : "https://github.com/quentinfasquel/ScrollViewEvents",
      "state" : {
        "revision" : "71abcb2754431a63c0213a139d1e6ed814acee21",
        "version" : "0.0.2"
      }
    }
  ],
  "version" : 2
}
