{
  "pins" : [
    {
      "identity" : "scrollviewevents",
      "kind" : "remoteSourceControl",
      "location" : "https://github.com/quentinfasquel/ScrollViewEvents",
      "state" : {
        "revision" : "42c182d5544ec9070a004edad50bb6fa56d8b51b",
        "version" : "0.0.1"
      }
    }
  ],
  "version" : 2
}
